
Microsoft Visual Studio Solution File, Format Version 12.00
# Visual Studio Version 16
VisualStudioVersion = 16.0.29920.165
MinimumVisualStudioVersion = 10.0.40219.1
Project("{FAE04EC0-301F-11D3-BF4B-00C04F79EFBC}") = "Trabajo Final Francia", "Trabajo Final Francia.csproj", "{7225A6F2-E99B-4775-A36D-6B04E6DD7526}"
EndProject
Global
	GlobalSection(SolutionConfigurationPlatforms) = preSolution
		Debug|Any CPU = Debug|Any CPU
		Release|Any CPU = Release|Any CPU
	EndGlobalSection
	GlobalSection(ProjectConfigurationPlatforms) = postSolution
		{7225A6F2-E99B-4775-A36D-6B04E6DD7526}.Debug|Any CPU.ActiveCfg = Debug|Any CPU
		{7225A6F2-E99B-4775-A36D-6B04E6DD7526}.Debug|Any CPU.Build.0 = Debug|Any CPU
		{7225A6F2-E99B-4775-A36D-6B04E6DD7526}.Release|Any CPU.ActiveCfg = Release|Any CPU
		{7225A6F2-E99B-4775-A36D-6B04E6DD7526}.Release|Any CPU.Build.0 = Release|Any CPU
	EndGlobalSection
	GlobalSection(SolutionProperties) = preSolution
		HideSolutionNode = FALSE
	EndGlobalSection
	GlobalSection(ExtensibilityGlobals) = postSolution
		SolutionGuid = {10F2DA15-1CB2-42C9-BE43-63FE0068BBBA}
	EndGlobalSection
EndGlobal
